
Microsoft Visual Studio Solution File, Format Version 12.00
# Visual Studio Version 17
VisualStudioVersion = 17.2.32526.322
MinimumVisualStudioVersion = 10.0.40219.1
Project("{FAE04EC0-301F-11D3-BF4B-00C04F79EFBC}") = "Berberis.StatsReporters", "src\Berberis.StatsReporters\Berberis.StatsReporters.csproj", "{4AFC244F-9BF5-4910-99AD-CEE43C995EFB}"
EndProject
Project("{2150E333-8FDC-42A3-9474-1A3956D46DE8}") = "tests", "tests", "{0AB3BF05-4346-4AA6-1389-037BE0695223}"
EndProject
Project("{FAE04EC0-301F-11D3-BF4B-00C04F79EFBC}") = "Berberis.StatsReporters.Tests", "tests\Berberis.StatsReporters.Tests\Berberis.StatsReporters.Tests.csproj", "{46F7C94A-3548-4F2D-98A4-19FC7FE19150}"
EndProject
Global
	GlobalSection(SolutionConfigurationPlatforms) = preSolution
		Debug|Any CPU = Debug|Any CPU
		Debug|x64 = Debug|x64
		Debug|x86 = Debug|x86
		Release|Any CPU = Release|Any CPU
		Release|x64 = Release|x64
		Release|x86 = Release|x86
	EndGlobalSection
	GlobalSection(ProjectConfigurationPlatforms) = postSolution
		{4AFC244F-9BF5-4910-99AD-CEE43C995EFB}.Debug|Any CPU.ActiveCfg = Debug|Any CPU
		{4AFC244F-9BF5-4910-99AD-CEE43C995EFB}.Debug|Any CPU.Build.0 = Debug|Any CPU
		{4AFC244F-9BF5-4910-99AD-CEE43C995EFB}.Debug|x64.ActiveCfg = Debug|Any CPU
		{4AFC244F-9BF5-4910-99AD-CEE43C995EFB}.Debug|x64.Build.0 = Debug|Any CPU
		{4AFC244F-9BF5-4910-99AD-CEE43C995EFB}.Debug|x86.ActiveCfg = Debug|Any CPU
		{4AFC244F-9BF5-4910-99AD-CEE43C995EFB}.Debug|x86.Build.0 = Debug|Any CPU
		{4AFC244F-9BF5-4910-99AD-CEE43C995EFB}.Release|Any CPU.ActiveCfg = Release|Any CPU
		{4AFC244F-9BF5-4910-99AD-CEE43C995EFB}.Release|Any CPU.Build.0 = Release|Any CPU
		{4AFC244F-9BF5-4910-99AD-CEE43C995EFB}.Release|x64.ActiveCfg = Release|Any CPU
		{4AFC244F-9BF5-4910-99AD-CEE43C995EFB}.Release|x64.Build.0 = Release|Any CPU
		{4AFC244F-9BF5-4910-99AD-CEE43C995EFB}.Release|x86.ActiveCfg = Release|Any CPU
		{4AFC244F-9BF5-4910-99AD-CEE43C995EFB}.Release|x86.Build.0 = Release|Any CPU
		{46F7C94A-3548-4F2D-98A4-19FC7FE19150}.Debug|Any CPU.ActiveCfg = Debug|Any CPU
		{46F7C94A-3548-4F2D-98A4-19FC7FE19150}.Debug|Any CPU.Build.0 = Debug|Any CPU
		{46F7C94A-3548-4F2D-98A4-19FC7FE19150}.Debug|x64.ActiveCfg = Debug|Any CPU
		{46F7C94A-3548-4F2D-98A4-19FC7FE19150}.Debug|x64.Build.0 = Debug|Any CPU
		{46F7C94A-3548-4F2D-98A4-19FC7FE19150}.Debug|x86.ActiveCfg = Debug|Any CPU
		{46F7C94A-3548-4F2D-98A4-19FC7FE19150}.Debug|x86.Build.0 = Debug|Any CPU
		{46F7C94A-3548-4F2D-98A4-19FC7FE19150}.Release|Any CPU.ActiveCfg = Release|Any CPU
		{46F7C94A-3548-4F2D-98A4-19FC7FE19150}.Release|Any CPU.Build.0 = Release|Any CPU
		{46F7C94A-3548-4F2D-98A4-19FC7FE19150}.Release|x64.ActiveCfg = Release|Any CPU
		{46F7C94A-3548-4F2D-98A4-19FC7FE19150}.Release|x64.Build.0 = Release|Any CPU
		{46F7C94A-3548-4F2D-98A4-19FC7FE19150}.Release|x86.ActiveCfg = Release|Any CPU
		{46F7C94A-3548-4F2D-98A4-19FC7FE19150}.Release|x86.Build.0 = Release|Any CPU
	EndGlobalSection
	GlobalSection(SolutionProperties) = preSolution
		HideSolutionNode = FALSE
	EndGlobalSection
	GlobalSection(NestedProjects) = preSolution
		{46F7C94A-3548-4F2D-98A4-19FC7FE19150} = {0AB3BF05-4346-4AA6-1389-037BE0695223}
	EndGlobalSection
	GlobalSection(ExtensibilityGlobals) = postSolution
		SolutionGuid = {0FC150A6-0250-401D-B449-BACD6AE7FB0F}
	EndGlobalSection
EndGlobal
